
Microsoft Visual Studio Solution File, Format Version 12.00
# Visual Studio Version 17
VisualStudioVersion = 17.9.34714.143
MinimumVisualStudioVersion = 10.0.40219.1
Project("{FAE04EC0-301F-11D3-BF4B-00C04F79EFBC}") = "API", "API\API.csproj", "{B70A16D2-BDC6-4E0D-9A39-992FDC189514}"
EndProject
Project("{FAE04EC0-301F-11D3-BF4B-00C04F79EFBC}") = "Domain", "Domain\Domain.csproj", "{3141EB98-5B7F-4D66-97C8-6AEDE7D1759D}"
EndProject
Project("{FAE04EC0-301F-11D3-BF4B-00C04F79EFBC}") = "Application", "Application\Application.csproj", "{7DDD3009-AF07-4DE9-80F6-A9259C3FAFA7}"
EndProject
Project("{FAE04EC0-301F-11D3-BF4B-00C04F79EFBC}") = "Infra", "Infra\Infra.csproj", "{89C537D8-10A5-49FB-A1A1-47BF3C79CA6F}"
EndProject
Project("{FAE04EC0-301F-11D3-BF4B-00C04F79EFBC}") = "Services", "Services\Services.csproj", "{6876D4F8-DD86-4B7A-A320-9F7579153B3D}"
EndProject
Global
	GlobalSection(SolutionConfigurationPlatforms) = preSolution
		Debug|Any CPU = Debug|Any CPU
		Release|Any CPU = Release|Any CPU
	EndGlobalSection
	GlobalSection(ProjectConfigurationPlatforms) = postSolution
		{B70A16D2-BDC6-4E0D-9A39-992FDC189514}.Debug|Any CPU.ActiveCfg = Debug|Any CPU
		{B70A16D2-BDC6-4E0D-9A39-992FDC189514}.Debug|Any CPU.Build.0 = Debug|Any CPU
		{B70A16D2-BDC6-4E0D-9A39-992FDC189514}.Release|Any CPU.ActiveCfg = Release|Any CPU
		{B70A16D2-BDC6-4E0D-9A39-992FDC189514}.Release|Any CPU.Build.0 = Release|Any CPU
		{3141EB98-5B7F-4D66-97C8-6AEDE7D1759D}.Debug|Any CPU.ActiveCfg = Debug|Any CPU
		{3141EB98-5B7F-4D66-97C8-6AEDE7D1759D}.Debug|Any CPU.Build.0 = Debug|Any CPU
		{3141EB98-5B7F-4D66-97C8-6AEDE7D1759D}.Release|Any CPU.ActiveCfg = Release|Any CPU
		{3141EB98-5B7F-4D66-97C8-6AEDE7D1759D}.Release|Any CPU.Build.0 = Release|Any CPU
		{7DDD3009-AF07-4DE9-80F6-A9259C3FAFA7}.Debug|Any CPU.ActiveCfg = Debug|Any CPU
		{7DDD3009-AF07-4DE9-80F6-A9259C3FAFA7}.Debug|Any CPU.Build.0 = Debug|Any CPU
		{7DDD3009-AF07-4DE9-80F6-A9259C3FAFA7}.Release|Any CPU.ActiveCfg = Release|Any CPU
		{7DDD3009-AF07-4DE9-80F6-A9259C3FAFA7}.Release|Any CPU.Build.0 = Release|Any CPU
		{89C537D8-10A5-49FB-A1A1-47BF3C79CA6F}.Debug|Any CPU.ActiveCfg = Debug|Any CPU
		{89C537D8-10A5-49FB-A1A1-47BF3C79CA6F}.Debug|Any CPU.Build.0 = Debug|Any CPU
		{89C537D8-10A5-49FB-A1A1-47BF3C79CA6F}.Release|Any CPU.ActiveCfg = Release|Any CPU
		{89C537D8-10A5-49FB-A1A1-47BF3C79CA6F}.Release|Any CPU.Build.0 = Release|Any CPU
		{6876D4F8-DD86-4B7A-A320-9F7579153B3D}.Debug|Any CPU.ActiveCfg = Debug|Any CPU
		{6876D4F8-DD86-4B7A-A320-9F7579153B3D}.Debug|Any CPU.Build.0 = Debug|Any CPU
		{6876D4F8-DD86-4B7A-A320-9F7579153B3D}.Release|Any CPU.ActiveCfg = Release|Any CPU
		{6876D4F8-DD86-4B7A-A320-9F7579153B3D}.Release|Any CPU.Build.0 = Release|Any CPU
	EndGlobalSection
	GlobalSection(SolutionProperties) = preSolution
		HideSolutionNode = FALSE
	EndGlobalSection
	GlobalSection(ExtensibilityGlobals) = postSolution
		SolutionGuid = {64C791EA-0E84-40A7-8166-A3E6F596F891}
	EndGlobalSection
EndGlobal
